
Microsoft Visual Studio Solution File, Format Version 12.00
# Visual Studio Version 17
VisualStudioVersion = 17.0.31903.59
MinimumVisualStudioVersion = 10.0.40219.1
Project("{FAE04EC0-301F-11D3-BF4B-00C04F79EFBC}") = "Trains", "Trains\Trains.csproj", "{1FE1AA96-0998-4D83-A2F7-760343367EFD}"
EndProject
Project("{FAE04EC0-301F-11D3-BF4B-00C04F79EFBC}") = "Trains.Test", "Trains.Test\Trains.Test.csproj", "{D92B760B-DA8C-4A15-8694-E92B26457DFF}"
EndProject
Global
	GlobalSection(SolutionConfigurationPlatforms) = preSolution
		Debug|Any CPU = Debug|Any CPU
		Release|Any CPU = Release|Any CPU
	EndGlobalSection
	GlobalSection(SolutionProperties) = preSolution
		HideSolutionNode = FALSE
	EndGlobalSection
	GlobalSection(ProjectConfigurationPlatforms) = postSolution
		{1FE1AA96-0998-4D83-A2F7-760343367EFD}.Debug|Any CPU.ActiveCfg = Debug|Any CPU
		{1FE1AA96-0998-4D83-A2F7-760343367EFD}.Debug|Any CPU.Build.0 = Debug|Any CPU
		{1FE1AA96-0998-4D83-A2F7-760343367EFD}.Release|Any CPU.ActiveCfg = Release|Any CPU
		{1FE1AA96-0998-4D83-A2F7-760343367EFD}.Release|Any CPU.Build.0 = Release|Any CPU
		{D92B760B-DA8C-4A15-8694-E92B26457DFF}.Debug|Any CPU.ActiveCfg = Debug|Any CPU
		{D92B760B-DA8C-4A15-8694-E92B26457DFF}.Debug|Any CPU.Build.0 = Debug|Any CPU
		{D92B760B-DA8C-4A15-8694-E92B26457DFF}.Release|Any CPU.ActiveCfg = Release|Any CPU
		{D92B760B-DA8C-4A15-8694-E92B26457DFF}.Release|Any CPU.Build.0 = Release|Any CPU
	EndGlobalSection
EndGlobal
